// !$*UTF8*$!
{
	archiveVersion = 1;
	classes = {
	};
	objectVersion = 50;
	objects = {

/* Begin PBXBuildFile section */
		BA29C35E21AC764400BDEF8C /* AppDelegate.swift in Sources */ = {isa = PBXBuildFile; fileRef = BA29C35D21AC764400BDEF8C /* AppDelegate.swift */; };
		BA29C36021AC764400BDEF8C /* ViewController.swift in Sources */ = {isa = PBXBuildFile; fileRef = BA29C35F21AC764400BDEF8C /* ViewController.swift */; };
		BA29C36321AC764400BDEF8C /* Main.storyboard in Resources */ = {isa = PBXBuildFile; fileRef = BA29C36121AC764400BDEF8C /* Main.storyboard */; };
		BA29C36521AC764600BDEF8C /* Assets.xcassets in Resources */ = {isa = PBXBuildFile; fileRef = BA29C36421AC764600BDEF8C /* Assets.xcassets */; };
		BA29C36821AC764600BDEF8C /* LaunchScreen.storyboard in Resources */ = {isa = PBXBuildFile; fileRef = BA29C36621AC764600BDEF8C /* LaunchScreen.storyboard */; };
		BA29C37021AED78A00BDEF8C /* LibraryTasks.swift in Sources */ = {isa = PBXBuildFile; fileRef = BA29C36F21AED78A00BDEF8C /* LibraryTasks.swift */; };
		BA29C37221AED88700BDEF8C /* NewTaskViewController.swift in Sources */ = {isa = PBXBuildFile; fileRef = BA29C37121AED88700BDEF8C /* NewTaskViewController.swift */; };
		BA29C37421AEDE4300BDEF8C /* TaskClass.swift in Sources */ = {isa = PBXBuildFile; fileRef = BA29C37321AEDE4300BDEF8C /* TaskClass.swift */; };
		BA29C37621AEE12400BDEF8C /* LibraryTaskViewController.swift in Sources */ = {isa = PBXBuildFile; fileRef = BA29C37521AEE12400BDEF8C /* LibraryTaskViewController.swift */; };
/* End PBXBuildFile section */

/* Begin PBXFileReference section */
		BA29C35A21AC764400BDEF8C /* Task Manager iOS.app */ = {isa = PBXFileReference; explicitFileType = wrapper.application; includeInIndex = 0; path = "Task Manager iOS.app"; sourceTree = BUILT_PRODUCTS_DIR; };
		BA29C35D21AC764400BDEF8C /* AppDelegate.swift */ = {isa = PBXFileReference; lastKnownFileType = sourcecode.swift; path = AppDelegate.swift; sourceTree = "<group>"; };
		BA29C35F21AC764400BDEF8C /* ViewController.swift */ = {isa = PBXFileReference; lastKnownFileType = sourcecode.swift; path = ViewController.swift; sourceTree = "<group>"; };
		BA29C36221AC764400BDEF8C /* Base */ = {isa = PBXFileReference; lastKnownFileType = file.storyboard; name = Base; path = Base.lproj/Main.storyboard; sourceTree = "<group>"; };
		BA29C36421AC764600BDEF8C /* Assets.xcassets */ = {isa = PBXFileReference; lastKnownFileType = folder.assetcatalog; path = Assets.xcassets; sourceTree = "<group>"; };
		BA29C36721AC764600BDEF8C /* Base */ = {isa = PBXFileReference; lastKnownFileType = file.storyboard; name = Base; path = Base.lproj/LaunchScreen.storyboard; sourceTree = "<group>"; };
		BA29C36921AC764600BDEF8C /* Info.plist */ = {isa = PBXFileReference; lastKnownFileType = text.plist.xml; path = Info.plist; sourceTree = "<group>"; };
		BA29C36F21AED78A00BDEF8C /* LibraryTasks.swift */ = {isa = PBXFileReference; lastKnownFileType = sourcecode.swift; path = LibraryTasks.swift; sourceTree = "<group>"; };
		BA29C37121AED88700BDEF8C /* NewTaskViewController.swift */ = {isa = PBXFileReference; lastKnownFileType = sourcecode.swift; path = NewTaskViewController.swift; sourceTree = "<group>"; };
		BA29C37321AEDE4300BDEF8C /* TaskClass.swift */ = {isa = PBXFileReference; lastKnownFileType = sourcecode.swift; path = TaskClass.swift; sourceTree = "<group>"; };
		BA29C37521AEE12400BDEF8C /* LibraryTaskViewController.swift */ = {isa = PBXFileReference; lastKnownFileType = sourcecode.swift; path = LibraryTaskViewController.swift; sourceTree = "<group>"; };
/* End PBXFileReference section */

/* Begin PBXFrameworksBuildPhase section */
		BA29C35721AC764400BDEF8C /* Frameworks */ = {
			isa = PBXFrameworksBuildPhase;
			buildActionMask = 2147483647;
			files = (
			);
			runOnlyForDeploymentPostprocessing = 0;
		};
/* End PBXFrameworksBuildPhase section */

/* Begin PBXGroup section */
		BA29C35121AC764400BDEF8C = {
			isa = PBXGroup;
			children = (
				BA29C35C21AC764400BDEF8C /* Task Manager iOS */,
				BA29C35B21AC764400BDEF8C /* Products */,
			);
			sourceTree = "<group>";
		};
		BA29C35B21AC764400BDEF8C /* Products */ = {
			isa = PBXGroup;
			children = (
				BA29C35A21AC764400BDEF8C /* Task Manager iOS.app */,
			);
			name = Products;
			sourceTree = "<group>";
		};
		BA29C35C21AC764400BDEF8C /* Task Manager iOS */ = {
			isa = PBXGroup;
			children = (
				BA29C35D21AC764400BDEF8C /* AppDelegate.swift */,
				BA29C35F21AC764400BDEF8C /* ViewController.swift */,
				BA29C37521AEE12400BDEF8C /* LibraryTaskViewController.swift */,
				BA29C37121AED88700BDEF8C /* NewTaskViewController.swift */,
				BA29C37321AEDE4300BDEF8C /* TaskClass.swift */,
				BA29C36F21AED78A00BDEF8C /* LibraryTasks.swift */,
				BA29C36121AC764400BDEF8C /* Main.storyboard */,
				BA29C36421AC764600BDEF8C /* Assets.xcassets */,
				BA29C36621AC764600BDEF8C /* LaunchScreen.storyboard */,
				BA29C36921AC764600BDEF8C /* Info.plist */,
			);
			path = "Task Manager iOS";
			sourceTree = "<group>";
		};
/* End PBXGroup section */

/* Begin PBXNativeTarget section */
		BA29C35921AC764400BDEF8C /* Task Manager iOS */ = {
			isa = PBXNativeTarget;
			buildConfigurationList = BA29C36C21AC764600BDEF8C /* Build configuration list for PBXNativeTarget "Task Manager iOS" */;
			buildPhases = (
				BA29C35621AC764400BDEF8C /* Sources */,
				BA29C35721AC764400BDEF8C /* Frameworks */,
				BA29C35821AC764400BDEF8C /* Resources */,
			);
			buildRules = (
			);
			dependencies = (
			);
			name = "Task Manager iOS";
			productName = "Task Manager iOS";
			productReference = BA29C35A21AC764400BDEF8C /* Task Manager iOS.app */;
			productType = "com.apple.product-type.application";
		};
/* End PBXNativeTarget section */

/* Begin PBXProject section */
		BA29C35221AC764400BDEF8C /* Project object */ = {
			isa = PBXProject;
			attributes = {
				LastSwiftUpdateCheck = 1010;
				LastUpgradeCheck = 1010;
				ORGANIZATIONNAME = "Gabriela Torres";
				TargetAttributes = {
					BA29C35921AC764400BDEF8C = {
						CreatedOnToolsVersion = 10.1;
					};
				};
			};
			buildConfigurationList = BA29C35521AC764400BDEF8C /* Build configuration list for PBXProject "Task Manager iOS" */;
			compatibilityVersion = "Xcode 9.3";
			developmentRegion = en;
			hasScannedForEncodings = 0;
			knownRegions = (
				en,
				Base,
			);
			mainGroup = BA29C35121AC764400BDEF8C;
			productRefGroup = BA29C35B21AC764400BDEF8C /* Products */;
			projectDirPath = "";
			projectRoot = "";
			targets = (
				BA29C35921AC764400BDEF8C /* Task Manager iOS */,
			);
		};
/* End PBXProject section */

/* Begin PBXResourcesBuildPhase section */
		BA29C35821AC764400BDEF8C /* Resources */ = {
			isa = PBXResourcesBuildPhase;
			buildActionMask = 2147483647;
			files = (
				BA29C36821AC764600BDEF8C /* LaunchScreen.storyboard in Resources */,
				BA29C36521AC764600BDEF8C /* Assets.xcassets in Resources */,
				BA29C36321AC764400BDEF8C /* Main.storyboard in Resources */,
			);
			runOnlyForDeploymentPostprocessing = 0;
		};
/* End PBXResourcesBuildPhase section */

/* Begin PBXSourcesBuildPhase section */
		BA29C35621AC764400BDEF8C /* Sources */ = {
			isa = PBXSourcesBuildPhase;
			buildActionMask = 2147483647;
			files = (
				BA29C37021AED78A00BDEF8C /* LibraryTasks.swift in Sources */,
				BA29C36021AC764400BDEF8C /* ViewController.swift in Sources */,
				BA29C37221AED88700BDEF8C /* NewTaskViewController.swift in Sources */,
				BA29C35E21AC764400BDEF8C /* AppDelegate.swift in Sources */,
				BA29C37421AEDE4300BDEF8C /* TaskClass.swift in Sources */,
				BA29C37621AEE12400BDEF8C /* LibraryTaskViewController.swift in Sources */,
			);
			runOnlyForDeploymentPostprocessing = 0;
		};
/* End PBXSourcesBuildPhase section */

/* Begin PBXVariantGroup section */
		BA29C36121AC764400BDEF8C /* Main.storyboard */ = {
			isa = PBXVariantGroup;
			children = (
				BA29C36221AC764400BDEF8C /* Base */,
			);
			name = Main.storyboard;
			sourceTree = "<group>";
		};
		BA29C36621AC764600BDEF8C /* LaunchScreen.storyboard */ = {
			isa = PBXVariantGroup;
			children = (
				BA29C36721AC764600BDEF8C /* Base */,
			);
			name = LaunchScreen.storyboard;
			sourceTree = "<group>";
		};
/* End PBXVariantGroup section */

/* Begin XCBuildConfiguration section */
		BA29C36A21AC764600BDEF8C /* Debug */ = {
			isa = XCBuildConfiguration;
			buildSettings = {
				ALWAYS_SEARCH_USER_PATHS = NO;
				CLANG_ANALYZER_NONNULL = YES;
				CLANG_ANALYZER_NUMBER_OBJECT_CONVERSION = YES_AGGRESSIVE;
				CLANG_CXX_LANGUAGE_STANDARD = "gnu++14";
				CLANG_CXX_LIBRARY = "libc++";
				CLANG_ENABLE_MODULES = YES;
				CLANG_ENABLE_OBJC_ARC = YES;
				CLANG_ENABLE_OBJC_WEAK = YES;
				CLANG_WARN_BLOCK_CAPTURE_AUTORELEASING = YES;
				CLANG_WARN_BOOL_CONVERSION = YES;
				CLANG_WARN_COMMA = YES;
				CLANG_WARN_CONSTANT_CONVERSION = YES;
				CLANG_WARN_DEPRECATED_OBJC_IMPLEMENTATIONS = YES;
				CLANG_WARN_DIRECT_OBJC_ISA_USAGE = YES_ERROR;
				CLANG_WARN_DOCUMENTATION_COMMENTS = YES;
				CLANG_WARN_EMPTY_BODY = YES;
				CLANG_WARN_ENUM_CONVERSION = YES;
				CLANG_WARN_INFINITE_RECURSION = YES;
				CLANG_WARN_INT_CONVERSION = YES;
				CLANG_WARN_NON_LITERAL_NULL_CONVERSION = YES;
				CLANG_WARN_OBJC_IMPLICIT_RETAIN_SELF = YES;
				CLANG_WARN_OBJC_LITERAL_CONVERSION = YES;
				CLANG_WARN_OBJC_ROOT_CLASS = YES_ERROR;
				CLANG_WARN_RANGE_LOOP_ANALYSIS = YES;
				CLANG_WARN_STRICT_PROTOTYPES = YES;
				CLANG_WARN_SUSPICIOUS_MOVE = YES;
				CLANG_WARN_UNGUARDED_AVAILABILITY = YES_AGGRESSIVE;
				CLANG_WARN_UNREACHABLE_CODE = YES;
				CLANG_WARN__DUPLICATE_METHOD_MATCH = YES;
				CODE_SIGN_IDENTITY = "iPhone Developer";
				COPY_PHASE_STRIP = NO;
				DEBUG_INFORMATION_FORMAT = dwarf;
				ENABLE_STRICT_OBJC_MSGSEND = YES;
				ENABLE_TESTABILITY = YES;
				GCC_C_LANGUAGE_STANDARD = gnu11;
				GCC_DYNAMIC_NO_PIC = NO;
				GCC_NO_COMMON_BLOCKS = YES;
				GCC_OPTIMIZATION_LEVEL = 0;
				GCC_PREPROCESSOR_DEFINITIONS = (
					"DEBUG=1",
					"$(inherited)",
				);
				GCC_WARN_64_TO_32_BIT_CONVERSION = YES;
				GCC_WARN_ABOUT_RETURN_TYPE = YES_ERROR;
				GCC_WARN_UNDECLARED_SELECTOR = YES;
				GCC_WARN_UNINITIALIZED_AUTOS = YES_AGGRESSIVE;
				GCC_WARN_UNUSED_FUNCTION = YES;
				GCC_WARN_UNUSED_VARIABLE = YES;
				IPHONEOS_DEPLOYMENT_TARGET = 12.1;
				MTL_ENABLE_DEBUG_INFO = INCLUDE_SOURCE;
				MTL_FAST_MATH = YES;
				ONLY_ACTIVE_ARCH = YES;
				SDKROOT = iphoneos;
				SWIFT_ACTIVE_COMPILATION_CONDITIONS = DEBUG;
				SWIFT_OPTIMIZATION_LEVEL = "-Onone";
			};
			name = Debug;
		};
		BA29C36B21AC764600BDEF8C /* Release */ = {
			isa = XCBuildConfiguration;
			buildSettings = {
				ALWAYS_SEARCH_USER_PATHS = NO;
				CLANG_ANALYZER_NONNULL = YES;
				CLANG_ANALYZER_NUMBER_OBJECT_CONVERSION = YES_AGGRESSIVE;
				CLANG_CXX_LANGUAGE_STANDARD = "gnu++14";
				CLANG_CXX_LIBRARY = "libc++";
				CLANG_ENABLE_MODULES = YES;
				CLANG_ENABLE_OBJC_ARC = YES;
				CLANG_ENABLE_OBJC_WEAK = YES;
				CLANG_WARN_BLOCK_CAPTURE_AUTORELEASING = YES;
				CLANG_WARN_BOOL_CONVERSION = YES;
				CLANG_WARN_COMMA = YES;
				CLANG_WARN_CONSTANT_CONVERSION = YES;
				CLANG_WARN_DEPRECATED_OBJC_IMPLEMENTATIONS = YES;
				CLANG_WARN_DIRECT_OBJC_ISA_USAGE = YES_ERROR;
				CLANG_WARN_DOCUMENTATION_COMMENTS = YES;
				CLANG_WARN_EMPTY_BODY = YES;
				CLANG_WARN_ENUM_CONVERSION = YES;
				CLANG_WARN_INFINITE_RECURSION = YES;
				CLANG_WARN_INT_CONVERSION = YES;
				CLANG_WARN_NON_LITERAL_NULL_CONVERSION = YES;
				CLANG_WARN_OBJC_IMPLICIT_RETAIN_SELF = YES;
				CLANG_WARN_OBJC_LITERAL_CONVERSION = YES;
				CLANG_WARN_OBJC_ROOT_CLASS = YES_ERROR;
				CLANG_WARN_RANGE_LOOP_ANALYSIS = YES;
				CLANG_WARN_STRICT_PROTOTYPES = YES;
				CLANG_WARN_SUSPICIOUS_MOVE = YES;
				CLANG_WARN_UNGUARDED_AVAILABILITY = YES_AGGRESSIVE;
				CLANG_WARN_UNREACHABLE_CODE = YES;
				CLANG_WARN__DUPLICATE_METHOD_MATCH = YES;
				CODE_SIGN_IDENTITY = "iPhone Developer";
				COPY_PHASE_STRIP = NO;
				DEBUG_INFORMATION_FORMAT = "dwarf-with-dsym";
				ENABLE_NS_ASSERTIONS = NO;
				ENABLE_STRICT_OBJC_MSGSEND = YES;
				GCC_C_LANGUAGE_STANDARD = gnu11;
				GCC_NO_COMMON_BLOCKS = YES;
				GCC_WARN_64_TO_32_BIT_CONVERSION = YES;
				GCC_WARN_ABOUT_RETURN_TYPE = YES_ERROR;
				GCC_WARN_UNDECLARED_SELECTOR = YES;
				GCC_WARN_UNINITIALIZED_AUTOS = YES_AGGRESSIVE;
				GCC_WARN_UNUSED_FUNCTION = YES;
				GCC_WARN_UNUSED_VARIABLE = YES;
				IPHONEOS_DEPLOYMENT_TARGET = 12.1;
				MTL_ENABLE_DEBUG_INFO = NO;
				MTL_FAST_MATH = YES;
				SDKROOT = iphoneos;
				SWIFT_COMPILATION_MODE = wholemodule;
				SWIFT_OPTIMIZATION_LEVEL = "-O";
				VALIDATE_PRODUCT = YES;
			};
			name = Release;
		};
		BA29C36D21AC764600BDEF8C /* Debug */ = {
			isa = XCBuildConfiguration;
			buildSettings = {
				ASSETCATALOG_COMPILER_APPICON_NAME = AppIcon;
				CODE_SIGN_STYLE = Automatic;
				INFOPLIST_FILE = "Task Manager iOS/Info.plist";
				LD_RUNPATH_SEARCH_PATHS = (
					"$(inherited)",
					"@executable_path/Frameworks",
				);
				PRODUCT_BUNDLE_IDENTIFIER = "com.gabrielaTorres.Task-Manager-iOS";
				PRODUCT_NAME = "$(TARGET_NAME)";
				SWIFT_VERSION = 4.2;
				TARGETED_DEVICE_FAMILY = "1,2";
			};
			name = Debug;
		};
		BA29C36E21AC764600BDEF8C /* Release */ = {
			isa = XCBuildConfiguration;
			buildSettings = {
				ASSETCATALOG_COMPILER_APPICON_NAME = AppIcon;
				CODE_SIGN_STYLE = Automatic;
				INFOPLIST_FILE = "Task Manager iOS/Info.plist";
				LD_RUNPATH_SEARCH_PATHS = (
					"$(inherited)",
					"@executable_path/Frameworks",
				);
				PRODUCT_BUNDLE_IDENTIFIER = "com.gabrielaTorres.Task-Manager-iOS";
				PRODUCT_NAME = "$(TARGET_NAME)";
				SWIFT_VERSION = 4.2;
				TARGETED_DEVICE_FAMILY = "1,2";
			};
			name = Release;
		};
/* End XCBuildConfiguration section */

/* Begin XCConfigurationList section */
		BA29C35521AC764400BDEF8C /* Build configuration list for PBXProject "Task Manager iOS" */ = {
			isa = XCConfigurationList;
			buildConfigurations = (
				BA29C36A21AC764600BDEF8C /* Debug */,
				BA29C36B21AC764600BDEF8C /* Release */,
			);
			defaultConfigurationIsVisible = 0;
			defaultConfigurationName = Release;
		};
		BA29C36C21AC764600BDEF8C /* Build configuration list for PBXNativeTarget "Task Manager iOS" */ = {
			isa = XCConfigurationList;
			buildConfigurations = (
				BA29C36D21AC764600BDEF8C /* Debug */,
				BA29C36E21AC764600BDEF8C /* Release */,
			);
			defaultConfigurationIsVisible = 0;
			defaultConfigurationName = Release;
		};
/* End XCConfigurationList section */
	};
	rootObject = BA29C35221AC764400BDEF8C /* Project object */;
}
